
Microsoft Visual Studio Solution File, Format Version 12.00
# Visual Studio Version 17
VisualStudioVersion = 17.14.36511.14 d17.14
MinimumVisualStudioVersion = 10.0.40219.1
Project("{FAE04EC0-301F-11D3-BF4B-00C04F79EFBC}") = "Ajuste Custo Speed", "Ajuste Custo Speed.csproj", "{07AB4ECF-4102-4988-8E0C-333B90210AFA}"
EndProject
Global
	GlobalSection(SolutionConfigurationPlatforms) = preSolution
		Debug|Any CPU = Debug|Any CPU
		Release|Any CPU = Release|Any CPU
	EndGlobalSection
	GlobalSection(ProjectConfigurationPlatforms) = postSolution
		{07AB4ECF-4102-4988-8E0C-333B90210AFA}.Debug|Any CPU.ActiveCfg = Debug|Any CPU
		{07AB4ECF-4102-4988-8E0C-333B90210AFA}.Debug|Any CPU.Build.0 = Debug|Any CPU
		{07AB4ECF-4102-4988-8E0C-333B90210AFA}.Release|Any CPU.ActiveCfg = Release|Any CPU
		{07AB4ECF-4102-4988-8E0C-333B90210AFA}.Release|Any CPU.Build.0 = Release|Any CPU
	EndGlobalSection
	GlobalSection(SolutionProperties) = preSolution
		HideSolutionNode = FALSE
	EndGlobalSection
	GlobalSection(ExtensibilityGlobals) = postSolution
		SolutionGuid = {BE40D1EA-C37D-4FB8-A787-3EF94FE1A633}
	EndGlobalSection
EndGlobal
