
Microsoft Visual Studio Solution File, Format Version 12.00
# Visual Studio Version 17
VisualStudioVersion = 17.14.36401.2
MinimumVisualStudioVersion = 10.0.40219.1
Project("{FAE04EC0-301F-11D3-BF4B-00C04F79EFBC}") = "ServicoMacro", "WindowsFormsApp1\ServicoMacro.csproj", "{F2914DC8-A496-470F-A5AF-7E9FBDF6654E}"
EndProject
Global
	GlobalSection(SolutionConfigurationPlatforms) = preSolution
		Debug|Any CPU = Debug|Any CPU
		Release|Any CPU = Release|Any CPU
	EndGlobalSection
	GlobalSection(ProjectConfigurationPlatforms) = postSolution
		{F2914DC8-A496-470F-A5AF-7E9FBDF6654E}.Debug|Any CPU.ActiveCfg = Debug|Any CPU
		{F2914DC8-A496-470F-A5AF-7E9FBDF6654E}.Debug|Any CPU.Build.0 = Debug|Any CPU
		{F2914DC8-A496-470F-A5AF-7E9FBDF6654E}.Release|Any CPU.ActiveCfg = Release|Any CPU
		{F2914DC8-A496-470F-A5AF-7E9FBDF6654E}.Release|Any CPU.Build.0 = Release|Any CPU
	EndGlobalSection
	GlobalSection(SolutionProperties) = preSolution
		HideSolutionNode = FALSE
	EndGlobalSection
	GlobalSection(ExtensibilityGlobals) = postSolution
		SolutionGuid = {B1A7FE37-C269-4B42-9D7F-CBB278BE84CD}
	EndGlobalSection
EndGlobal
